// !$*UTF8*$!
{
	archiveVersion = 1;
	classes = {
	};
	objectVersion = 46;
	objects = {

/* Begin PBXBuildFile section */
		46176A6B1C9DC39000B609B7 /* podfile in Resources */ = {isa = PBXBuildFile; fileRef = 46176A6A1C9DC39000B609B7 /* podfile */; };
		4632A0481CA0B82600EA84B2 /* Pods.release.xcconfig in Resources */ = {isa = PBXBuildFile; fileRef = 4632A0471CA0B82600EA84B2 /* Pods.release.xcconfig */; };
		4632A04A1CA0B83900EA84B2 /* Pods.debug.xcconfig in Resources */ = {isa = PBXBuildFile; fileRef = 4632A0491CA0B83900EA84B2 /* Pods.debug.xcconfig */; };
		46409E7C1BA13E930001D4E6 /* RLMQuote.swift in Sources */ = {isa = PBXBuildFile; fileRef = 46409E7B1BA13E930001D4E6 /* RLMQuote.swift */; };
		464EF61A1C04F93700D91F69 /* Realm.framework in Frameworks */ = {isa = PBXBuildFile; fileRef = 464EF6191C04F93700D91F69 /* Realm.framework */; };
		464EF61C1C04F95200D91F69 /* RealmSwift.framework in Frameworks */ = {isa = PBXBuildFile; fileRef = 464EF61B1C04F95200D91F69 /* RealmSwift.framework */; };
		466FCEF21AAC27FA00F21042 /* Main.storyboard in Resources */ = {isa = PBXBuildFile; fileRef = 466FCEF01AAC27FA00F21042 /* Main.storyboard */; };
		466FCEF41AAC27FA00F21042 /* Images.xcassets in Resources */ = {isa = PBXBuildFile; fileRef = 466FCEF31AAC27FA00F21042 /* Images.xcassets */; };
		466FCEF71AAC27FA00F21042 /* LaunchScreen.xib in Resources */ = {isa = PBXBuildFile; fileRef = 466FCEF51AAC27FA00F21042 /* LaunchScreen.xib */; };
		4676B6DE1BA8D37900408FE2 /* GameWorkflow.swift in Sources */ = {isa = PBXBuildFile; fileRef = 4676B6DD1BA8D37900408FE2 /* GameWorkflow.swift */; };
		46CDE4341BA247BF0091AA0A /* AppDelegate.swift in Sources */ = {isa = PBXBuildFile; fileRef = 46CDE4331BA247BF0091AA0A /* AppDelegate.swift */; };
		46CDE4391BA247E20091AA0A /* GameViewController.swift in Sources */ = {isa = PBXBuildFile; fileRef = 46CDE4351BA247E20091AA0A /* GameViewController.swift */; };
		46CDE43A1BA247E20091AA0A /* Puzzle.swift in Sources */ = {isa = PBXBuildFile; fileRef = 46CDE4361BA247E20091AA0A /* Puzzle.swift */; };
		46F609161BAB6CED009E8BB6 /* Database.swift in Sources */ = {isa = PBXBuildFile; fileRef = 46F609151BAB6CED009E8BB6 /* Database.swift */; };
		62268576578475B3D06495D1 /* Pods.framework in Frameworks */ = {isa = PBXBuildFile; fileRef = 93BF2AB0D48471A1021FE220 /* Pods.framework */; };
/* End PBXBuildFile section */

/* Begin PBXContainerItemProxy section */
		466FCEFD1AAC27FA00F21042 /* PBXContainerItemProxy */ = {
			isa = PBXContainerItemProxy;
			containerPortal = 466FCEDF1AAC27FA00F21042 /* Project object */;
			proxyType = 1;
			remoteGlobalIDString = 466FCEE61AAC27FA00F21042;
			remoteInfo = puzzle;
		};
/* End PBXContainerItemProxy section */

/* Begin PBXCopyFilesBuildPhase section */
		46F8F05A1BACF1410081D33C /* Embed Frameworks */ = {
			isa = PBXCopyFilesBuildPhase;
			buildActionMask = 2147483647;
			dstPath = "";
			dstSubfolderSpec = 10;
			files = (
			);
			name = "Embed Frameworks";
			runOnlyForDeploymentPostprocessing = 0;
		};
/* End PBXCopyFilesBuildPhase section */

/* Begin PBXFileReference section */
		46176A6A1C9DC39000B609B7 /* podfile */ = {isa = PBXFileReference; fileEncoding = 4; lastKnownFileType = text; path = podfile; sourceTree = "<group>"; };
		4632A0471CA0B82600EA84B2 /* Pods.release.xcconfig */ = {isa = PBXFileReference; fileEncoding = 4; lastKnownFileType = text.xcconfig; name = Pods.release.xcconfig; path = "Pods/Target Support Files/Pods/Pods.release.xcconfig"; sourceTree = "<group>"; };
		4632A0491CA0B83900EA84B2 /* Pods.debug.xcconfig */ = {isa = PBXFileReference; fileEncoding = 4; lastKnownFileType = text.xcconfig; name = Pods.debug.xcconfig; path = "Pods/Target Support Files/Pods/Pods.debug.xcconfig"; sourceTree = "<group>"; };
		46409E7B1BA13E930001D4E6 /* RLMQuote.swift */ = {isa = PBXFileReference; fileEncoding = 4; lastKnownFileType = sourcecode.swift; path = RLMQuote.swift; sourceTree = "<group>"; };
		464EF6191C04F93700D91F69 /* Realm.framework */ = {isa = PBXFileReference; lastKnownFileType = wrapper.framework; path = Realm.framework; sourceTree = "<group>"; };
		464EF61B1C04F95200D91F69 /* RealmSwift.framework */ = {isa = PBXFileReference; lastKnownFileType = wrapper.framework; path = RealmSwift.framework; sourceTree = "<group>"; };
		466FCEE71AAC27FA00F21042 /* Infinite Wisdom.app */ = {isa = PBXFileReference; explicitFileType = wrapper.application; includeInIndex = 0; path = "Infinite Wisdom.app"; sourceTree = BUILT_PRODUCTS_DIR; };
		466FCEEB1AAC27FA00F21042 /* Info.plist */ = {isa = PBXFileReference; lastKnownFileType = text.plist.xml; path = Info.plist; sourceTree = "<group>"; };
		466FCEF11AAC27FA00F21042 /* Base */ = {isa = PBXFileReference; lastKnownFileType = file.storyboard; name = Base; path = Base.lproj/Main.storyboard; sourceTree = "<group>"; };
		466FCEF31AAC27FA00F21042 /* Images.xcassets */ = {isa = PBXFileReference; lastKnownFileType = folder.assetcatalog; path = Images.xcassets; sourceTree = "<group>"; };
		466FCEF61AAC27FA00F21042 /* Base */ = {isa = PBXFileReference; lastKnownFileType = file.xib; name = Base; path = Base.lproj/LaunchScreen.xib; sourceTree = "<group>"; };
		466FCEFC1AAC27FA00F21042 /* puzzleTests.xctest */ = {isa = PBXFileReference; explicitFileType = wrapper.cfbundle; includeInIndex = 0; path = puzzleTests.xctest; sourceTree = BUILT_PRODUCTS_DIR; };
		4676B6DD1BA8D37900408FE2 /* GameWorkflow.swift */ = {isa = PBXFileReference; fileEncoding = 4; lastKnownFileType = sourcecode.swift; path = GameWorkflow.swift; sourceTree = "<group>"; };
		46CDE4331BA247BF0091AA0A /* AppDelegate.swift */ = {isa = PBXFileReference; fileEncoding = 4; lastKnownFileType = sourcecode.swift; path = AppDelegate.swift; sourceTree = "<group>"; };
		46CDE4351BA247E20091AA0A /* GameViewController.swift */ = {isa = PBXFileReference; fileEncoding = 4; lastKnownFileType = sourcecode.swift; path = GameViewController.swift; sourceTree = "<group>"; };
		46CDE4361BA247E20091AA0A /* Puzzle.swift */ = {isa = PBXFileReference; fileEncoding = 4; lastKnownFileType = sourcecode.swift; path = Puzzle.swift; sourceTree = "<group>"; };
		46F609151BAB6CED009E8BB6 /* Database.swift */ = {isa = PBXFileReference; fileEncoding = 4; lastKnownFileType = sourcecode.swift; path = Database.swift; sourceTree = "<group>"; };
		93BF2AB0D48471A1021FE220 /* Pods.framework */ = {isa = PBXFileReference; explicitFileType = wrapper.framework; includeInIndex = 0; path = Pods.framework; sourceTree = BUILT_PRODUCTS_DIR; };
/* End PBXFileReference section */

/* Begin PBXFrameworksBuildPhase section */
		466FCEE41AAC27FA00F21042 /* Frameworks */ = {
			isa = PBXFrameworksBuildPhase;
			buildActionMask = 2147483647;
			files = (
				464EF61A1C04F93700D91F69 /* Realm.framework in Frameworks */,
				464EF61C1C04F95200D91F69 /* RealmSwift.framework in Frameworks */,
				62268576578475B3D06495D1 /* Pods.framework in Frameworks */,
			);
			runOnlyForDeploymentPostprocessing = 0;
		};
		466FCEF91AAC27FA00F21042 /* Frameworks */ = {
			isa = PBXFrameworksBuildPhase;
			buildActionMask = 2147483647;
			files = (
			);
			runOnlyForDeploymentPostprocessing = 0;
		};
/* End PBXFrameworksBuildPhase section */

/* Begin PBXGroup section */
		0F02227D47AE849106961ADD /* Pods */ = {
			isa = PBXGroup;
			children = (
				4632A0491CA0B83900EA84B2 /* Pods.debug.xcconfig */,
				4632A0471CA0B82600EA84B2 /* Pods.release.xcconfig */,
			);
			name = Pods;
			sourceTree = "<group>";
		};
		466FCEDE1AAC27FA00F21042 = {
			isa = PBXGroup;
			children = (
				46176A6A1C9DC39000B609B7 /* podfile */,
				464EF61B1C04F95200D91F69 /* RealmSwift.framework */,
				464EF6191C04F93700D91F69 /* Realm.framework */,
				466FCEE91AAC27FA00F21042 /* puzzle */,
				466FCEE81AAC27FA00F21042 /* Products */,
				0F02227D47AE849106961ADD /* Pods */,
				B5F64AD3284FB9F7C7FC4219 /* Frameworks */,
			);
			sourceTree = "<group>";
		};
		466FCEE81AAC27FA00F21042 /* Products */ = {
			isa = PBXGroup;
			children = (
				466FCEE71AAC27FA00F21042 /* Infinite Wisdom.app */,
				466FCEFC1AAC27FA00F21042 /* puzzleTests.xctest */,
			);
			name = Products;
			sourceTree = "<group>";
		};
		466FCEE91AAC27FA00F21042 /* puzzle */ = {
			isa = PBXGroup;
			children = (
				46CDE4331BA247BF0091AA0A /* AppDelegate.swift */,
				46409E7B1BA13E930001D4E6 /* RLMQuote.swift */,
				46CDE4351BA247E20091AA0A /* GameViewController.swift */,
				46F609151BAB6CED009E8BB6 /* Database.swift */,
				4676B6DD1BA8D37900408FE2 /* GameWorkflow.swift */,
				46CDE4361BA247E20091AA0A /* Puzzle.swift */,
				466FCEF01AAC27FA00F21042 /* Main.storyboard */,
				466FCEF31AAC27FA00F21042 /* Images.xcassets */,
				466FCEF51AAC27FA00F21042 /* LaunchScreen.xib */,
				466FCEEA1AAC27FA00F21042 /* Supporting Files */,
			);
			path = puzzle;
			sourceTree = "<group>";
		};
		466FCEEA1AAC27FA00F21042 /* Supporting Files */ = {
			isa = PBXGroup;
			children = (
				466FCEEB1AAC27FA00F21042 /* Info.plist */,
			);
			name = "Supporting Files";
			sourceTree = "<group>";
		};
		B5F64AD3284FB9F7C7FC4219 /* Frameworks */ = {
			isa = PBXGroup;
			children = (
				93BF2AB0D48471A1021FE220 /* Pods.framework */,
			);
			name = Frameworks;
			sourceTree = "<group>";
		};
/* End PBXGroup section */

/* Begin PBXNativeTarget section */
		466FCEE61AAC27FA00F21042 /* puzzle */ = {
			isa = PBXNativeTarget;
			buildConfigurationList = 466FCF061AAC27FA00F21042 /* Build configuration list for PBXNativeTarget "puzzle" */;
			buildPhases = (
				6D7A3F8DD199782A0083084D /* Check Pods Manifest.lock */,
				466FCEE31AAC27FA00F21042 /* Sources */,
				466FCEE41AAC27FA00F21042 /* Frameworks */,
				466FCEE51AAC27FA00F21042 /* Resources */,
				46F8F05A1BACF1410081D33C /* Embed Frameworks */,
				D849DF10788BD364B5A8F437 /* Embed Pods Frameworks */,
				C6EC9FA0F7C79D43CC037ADB /* Copy Pods Resources */,
			);
			buildRules = (
			);
			dependencies = (
			);
			name = puzzle;
			productName = puzzle;
			productReference = 466FCEE71AAC27FA00F21042 /* Infinite Wisdom.app */;
			productType = "com.apple.product-type.application";
		};
		466FCEFB1AAC27FA00F21042 /* puzzleTests */ = {
			isa = PBXNativeTarget;
			buildConfigurationList = 466FCF091AAC27FA00F21042 /* Build configuration list for PBXNativeTarget "puzzleTests" */;
			buildPhases = (
				466FCEF81AAC27FA00F21042 /* Sources */,
				466FCEF91AAC27FA00F21042 /* Frameworks */,
				466FCEFA1AAC27FA00F21042 /* Resources */,
			);
			buildRules = (
			);
			dependencies = (
				466FCEFE1AAC27FA00F21042 /* PBXTargetDependency */,
			);
			name = puzzleTests;
			productName = puzzleTests;
			productReference = 466FCEFC1AAC27FA00F21042 /* puzzleTests.xctest */;
			productType = "com.apple.product-type.bundle.unit-test";
		};
/* End PBXNativeTarget section */

/* Begin PBXProject section */
		466FCEDF1AAC27FA00F21042 /* Project object */ = {
			isa = PBXProject;
			attributes = {
				LastSwiftUpdateCheck = 0700;
				LastUpgradeCheck = 0700;
				ORGANIZATIONNAME = "Marvin Nguyen";
				TargetAttributes = {
					466FCEE61AAC27FA00F21042 = {
						CreatedOnToolsVersion = 6.1.1;
						DevelopmentTeam = N9AKVK6HAX;
					};
					466FCEFB1AAC27FA00F21042 = {
						CreatedOnToolsVersion = 6.1.1;
						TestTargetID = 466FCEE61AAC27FA00F21042;
					};
				};
			};
			buildConfigurationList = 466FCEE21AAC27FA00F21042 /* Build configuration list for PBXProject "puzzle" */;
			compatibilityVersion = "Xcode 3.2";
			developmentRegion = English;
			hasScannedForEncodings = 0;
			knownRegions = (
				en,
				Base,
			);
			mainGroup = 466FCEDE1AAC27FA00F21042;
			productRefGroup = 466FCEE81AAC27FA00F21042 /* Products */;
			projectDirPath = "";
			projectRoot = "";
			targets = (
				466FCEE61AAC27FA00F21042 /* puzzle */,
				466FCEFB1AAC27FA00F21042 /* puzzleTests */,
			);
		};
/* End PBXProject section */

/* Begin PBXResourcesBuildPhase section */
		466FCEE51AAC27FA00F21042 /* Resources */ = {
			isa = PBXResourcesBuildPhase;
			buildActionMask = 2147483647;
			files = (
				466FCEF21AAC27FA00F21042 /* Main.storyboard in Resources */,
				4632A0481CA0B82600EA84B2 /* Pods.release.xcconfig in Resources */,
				466FCEF71AAC27FA00F21042 /* LaunchScreen.xib in Resources */,
				4632A04A1CA0B83900EA84B2 /* Pods.debug.xcconfig in Resources */,
				46176A6B1C9DC39000B609B7 /* podfile in Resources */,
				466FCEF41AAC27FA00F21042 /* Images.xcassets in Resources */,
			);
			runOnlyForDeploymentPostprocessing = 0;
		};
		466FCEFA1AAC27FA00F21042 /* Resources */ = {
			isa = PBXResourcesBuildPhase;
			buildActionMask = 2147483647;
			files = (
			);
			runOnlyForDeploymentPostprocessing = 0;
		};
/* End PBXResourcesBuildPhase section */

/* Begin PBXShellScriptBuildPhase section */
		6D7A3F8DD199782A0083084D /* Check Pods Manifest.lock */ = {
			isa = PBXShellScriptBuildPhase;
			buildActionMask = 2147483647;
			files = (
			);
			inputPaths = (
			);
			name = "Check Pods Manifest.lock";
			outputPaths = (
			);
			runOnlyForDeploymentPostprocessing = 0;
			shellPath = /bin/sh;
			shellScript = "diff \"${PODS_ROOT}/../Podfile.lock\" \"${PODS_ROOT}/Manifest.lock\" > /dev/null\nif [[ $? != 0 ]] ; then\n    cat << EOM\nerror: The sandbox is not in sync with the Podfile.lock. Run 'pod install' or update your CocoaPods installation.\nEOM\n    exit 1\nfi\n";
			showEnvVarsInLog = 0;
		};
		C6EC9FA0F7C79D43CC037ADB /* Copy Pods Resources */ = {
			isa = PBXShellScriptBuildPhase;
			buildActionMask = 2147483647;
			files = (
			);
			inputPaths = (
			);
			name = "Copy Pods Resources";
			outputPaths = (
			);
			runOnlyForDeploymentPostprocessing = 0;
			shellPath = /bin/sh;
			shellScript = "\"${SRCROOT}/Pods/Target Support Files/Pods/Pods-resources.sh\"\n";
			showEnvVarsInLog = 0;
		};
		D849DF10788BD364B5A8F437 /* Embed Pods Frameworks */ = {
			isa = PBXShellScriptBuildPhase;
			buildActionMask = 2147483647;
			files = (
			);
			inputPaths = (
			);
			name = "Embed Pods Frameworks";
			outputPaths = (
			);
			runOnlyForDeploymentPostprocessing = 0;
			shellPath = /bin/sh;
			shellScript = "\"${SRCROOT}/Pods/Target Support Files/Pods/Pods-frameworks.sh\"\n";
			showEnvVarsInLog = 0;
		};
/* End PBXShellScriptBuildPhase section */

/* Begin PBXSourcesBuildPhase section */
		466FCEE31AAC27FA00F21042 /* Sources */ = {
			isa = PBXSourcesBuildPhase;
			buildActionMask = 2147483647;
			files = (
				46CDE4391BA247E20091AA0A /* GameViewController.swift in Sources */,
				4676B6DE1BA8D37900408FE2 /* GameWorkflow.swift in Sources */,
				46F609161BAB6CED009E8BB6 /* Database.swift in Sources */,
				46CDE4341BA247BF0091AA0A /* AppDelegate.swift in Sources */,
				46409E7C1BA13E930001D4E6 /* RLMQuote.swift in Sources */,
				46CDE43A1BA247E20091AA0A /* Puzzle.swift in Sources */,
			);
			runOnlyForDeploymentPostprocessing = 0;
		};
		466FCEF81AAC27FA00F21042 /* Sources */ = {
			isa = PBXSourcesBuildPhase;
			buildActionMask = 2147483647;
			files = (
			);
			runOnlyForDeploymentPostprocessing = 0;
		};
/* End PBXSourcesBuildPhase section */

/* Begin PBXTargetDependency section */
		466FCEFE1AAC27FA00F21042 /* PBXTargetDependency */ = {
			isa = PBXTargetDependency;
			target = 466FCEE61AAC27FA00F21042 /* puzzle */;
			targetProxy = 466FCEFD1AAC27FA00F21042 /* PBXContainerItemProxy */;
		};
/* End PBXTargetDependency section */

/* Begin PBXVariantGroup section */
		466FCEF01AAC27FA00F21042 /* Main.storyboard */ = {
			isa = PBXVariantGroup;
			children = (
				466FCEF11AAC27FA00F21042 /* Base */,
			);
			name = Main.storyboard;
			sourceTree = "<group>";
		};
		466FCEF51AAC27FA00F21042 /* LaunchScreen.xib */ = {
			isa = PBXVariantGroup;
			children = (
				466FCEF61AAC27FA00F21042 /* Base */,
			);
			name = LaunchScreen.xib;
			sourceTree = "<group>";
		};
/* End PBXVariantGroup section */

/* Begin XCBuildConfiguration section */
		466FCF041AAC27FA00F21042 /* Debug */ = {
			isa = XCBuildConfiguration;
			buildSettings = {
				ALWAYS_SEARCH_USER_PATHS = NO;
				CLANG_CXX_LANGUAGE_STANDARD = "gnu++0x";
				CLANG_CXX_LIBRARY = "libc++";
				CLANG_ENABLE_MODULES = YES;
				CLANG_ENABLE_OBJC_ARC = YES;
				CLANG_WARN_BOOL_CONVERSION = YES;
				CLANG_WARN_CONSTANT_CONVERSION = YES;
				CLANG_WARN_DIRECT_OBJC_ISA_USAGE = YES_ERROR;
				CLANG_WARN_EMPTY_BODY = YES;
				CLANG_WARN_ENUM_CONVERSION = YES;
				CLANG_WARN_INT_CONVERSION = YES;
				CLANG_WARN_OBJC_ROOT_CLASS = YES_ERROR;
				CLANG_WARN_UNREACHABLE_CODE = YES;
				CLANG_WARN__DUPLICATE_METHOD_MATCH = YES;
				"CODE_SIGN_IDENTITY[sdk=iphoneos*]" = "iPhone Developer";
				COPY_PHASE_STRIP = NO;
				ENABLE_STRICT_OBJC_MSGSEND = YES;
				ENABLE_TESTABILITY = YES;
				GCC_C_LANGUAGE_STANDARD = gnu99;
				GCC_DYNAMIC_NO_PIC = NO;
				GCC_OPTIMIZATION_LEVEL = 0;
				GCC_PREPROCESSOR_DEFINITIONS = (
					"DEBUG=1",
					"$(inherited)",
				);
				GCC_SYMBOLS_PRIVATE_EXTERN = NO;
				GCC_WARN_64_TO_32_BIT_CONVERSION = YES;
				GCC_WARN_ABOUT_RETURN_TYPE = YES_ERROR;
				GCC_WARN_UNDECLARED_SELECTOR = YES;
				GCC_WARN_UNINITIALIZED_AUTOS = YES_AGGRESSIVE;
				GCC_WARN_UNUSED_FUNCTION = YES;
				GCC_WARN_UNUSED_VARIABLE = YES;
				IPHONEOS_DEPLOYMENT_TARGET = 9.0;
				MTL_ENABLE_DEBUG_INFO = YES;
				ONLY_ACTIVE_ARCH = YES;
				SDKROOT = iphoneos;
				SWIFT_OPTIMIZATION_LEVEL = "-Onone";
			};
			name = Debug;
		};
		466FCF051AAC27FA00F21042 /* Release */ = {
			isa = XCBuildConfiguration;
			buildSettings = {
				ALWAYS_SEARCH_USER_PATHS = NO;
				CLANG_CXX_LANGUAGE_STANDARD = "gnu++0x";
				CLANG_CXX_LIBRARY = "libc++";
				CLANG_ENABLE_MODULES = YES;
				CLANG_ENABLE_OBJC_ARC = YES;
				CLANG_WARN_BOOL_CONVERSION = YES;
				CLANG_WARN_CONSTANT_CONVERSION = YES;
				CLANG_WARN_DIRECT_OBJC_ISA_USAGE = YES_ERROR;
				CLANG_WARN_EMPTY_BODY = YES;
				CLANG_WARN_ENUM_CONVERSION = YES;
				CLANG_WARN_INT_CONVERSION = YES;
				CLANG_WARN_OBJC_ROOT_CLASS = YES_ERROR;
				CLANG_WARN_UNREACHABLE_CODE = YES;
				CLANG_WARN__DUPLICATE_METHOD_MATCH = YES;
				"CODE_SIGN_IDENTITY[sdk=iphoneos*]" = "iPhone Developer";
				COPY_PHASE_STRIP = YES;
				ENABLE_NS_ASSERTIONS = NO;
				ENABLE_STRICT_OBJC_MSGSEND = YES;
				GCC_C_LANGUAGE_STANDARD = gnu99;
				GCC_WARN_64_TO_32_BIT_CONVERSION = YES;
				GCC_WARN_ABOUT_RETURN_TYPE = YES_ERROR;
				GCC_WARN_UNDECLARED_SELECTOR = YES;
				GCC_WARN_UNINITIALIZED_AUTOS = YES_AGGRESSIVE;
				GCC_WARN_UNUSED_FUNCTION = YES;
				GCC_WARN_UNUSED_VARIABLE = YES;
				IPHONEOS_DEPLOYMENT_TARGET = 9.0;
				MTL_ENABLE_DEBUG_INFO = NO;
				SDKROOT = iphoneos;
				VALIDATE_PRODUCT = YES;
			};
			name = Release;
		};
		466FCF071AAC27FA00F21042 /* Debug */ = {
			isa = XCBuildConfiguration;
			baseConfigurationReference = 4632A0491CA0B83900EA84B2 /* Pods.debug.xcconfig */;
			buildSettings = {
				ASSETCATALOG_COMPILER_APPICON_NAME = AppIcon;
				CODE_SIGN_IDENTITY = "iPhone Developer";
				"CODE_SIGN_IDENTITY[sdk=iphoneos*]" = "iPhone Developer";
				EMBEDDED_CONTENT_CONTAINS_SWIFT = YES;
				FRAMEWORK_SEARCH_PATHS = (
					"$(inherited)",
					"$(PROJECT_DIR)",
				);
				HEADER_SEARCH_PATHS = "";
				INFOPLIST_FILE = puzzle/Info.plist;
				IPHONEOS_DEPLOYMENT_TARGET = 9.2;
				LD_RUNPATH_SEARCH_PATHS = "$(inherited) @executable_path/Frameworks $(PROJECT_DIR)";
				LIBRARY_SEARCH_PATHS = (
					"$(inherited)",
					"$(PROJECT_DIR)/puzzle",
					"$(PROJECT_DIR)/RealmSwift.framework",
				);
				PRODUCT_BUNDLE_IDENTIFIER = MarvinInc.Infinite.wisdom;
				PRODUCT_NAME = "Infinite Wisdom";
				PROVISIONING_PROFILE = "";
				TARGETED_DEVICE_FAMILY = 1;
			};
			name = Debug;
		};
		466FCF081AAC27FA00F21042 /* Release */ = {
			isa = XCBuildConfiguration;
			baseConfigurationReference = 4632A0471CA0B82600EA84B2 /* Pods.release.xcconfig */;
			buildSettings = {
				ASSETCATALOG_COMPILER_APPICON_NAME = AppIcon;
				CODE_SIGN_IDENTITY = "iPhone Developer";
				"CODE_SIGN_IDENTITY[sdk=iphoneos*]" = "iPhone Developer";
				EMBEDDED_CONTENT_CONTAINS_SWIFT = YES;
				FRAMEWORK_SEARCH_PATHS = (
					"$(inherited)",
					"$(PROJECT_DIR)",
				);
				HEADER_SEARCH_PATHS = "";
				INFOPLIST_FILE = puzzle/Info.plist;
				IPHONEOS_DEPLOYMENT_TARGET = 9.2;
				LD_RUNPATH_SEARCH_PATHS = "$(inherited) @executable_path/Frameworks";
				LIBRARY_SEARCH_PATHS = (
					"$(inherited)",
					"$(PROJECT_DIR)/puzzle",
					"$(PROJECT_DIR)/RealmSwift.framework",
				);
				PRODUCT_BUNDLE_IDENTIFIER = MarvinInc.Infinite.wisdom;
				PRODUCT_NAME = "Infinit Wisdom";
				PROVISIONING_PROFILE = "";
				TARGETED_DEVICE_FAMILY = 1;
			};
			name = Release;
		};
		466FCF0A1AAC27FA00F21042 /* Debug */ = {
			isa = XCBuildConfiguration;
			buildSettings = {
				BUNDLE_LOADER = "$(TEST_HOST)";
				FRAMEWORK_SEARCH_PATHS = (
					"$(SDKROOT)/Developer/Library/Frameworks",
					"$(inherited)",
					/users/tenderly/ios/infinitewisdom/puzzle,
				);
				GCC_PREPROCESSOR_DEFINITIONS = (
					"DEBUG=1",
					"$(inherited)",
				);
				INFOPLIST_FILE = puzzleTests/Info.plist;
				LD_RUNPATH_SEARCH_PATHS = "$(inherited) @executable_path/Frameworks @loader_path/Frameworks";
				PRODUCT_BUNDLE_IDENTIFIER = "MarvinInc.$(PRODUCT_NAME:rfc1034identifier)";
				PRODUCT_NAME = "$(TARGET_NAME)";
				TEST_HOST = "$(BUILT_PRODUCTS_DIR)/puzzle.app/puzzle";
			};
			name = Debug;
		};
		466FCF0B1AAC27FA00F21042 /* Release */ = {
			isa = XCBuildConfiguration;
			buildSettings = {
				BUNDLE_LOADER = "$(TEST_HOST)";
				FRAMEWORK_SEARCH_PATHS = (
					"$(SDKROOT)/Developer/Library/Frameworks",
					"$(inherited)",
					/users/tenderly/ios/infinitewisdom/puzzle,
				);
				INFOPLIST_FILE = puzzleTests/Info.plist;
				LD_RUNPATH_SEARCH_PATHS = "$(inherited) @executable_path/Frameworks @loader_path/Frameworks";
				PRODUCT_BUNDLE_IDENTIFIER = "MarvinInc.$(PRODUCT_NAME:rfc1034identifier)";
				PRODUCT_NAME = "$(TARGET_NAME)";
				TEST_HOST = "$(BUILT_PRODUCTS_DIR)/puzzle.app/puzzle";
			};
			name = Release;
		};
/* End XCBuildConfiguration section */

/* Begin XCConfigurationList section */
		466FCEE21AAC27FA00F21042 /* Build configuration list for PBXProject "puzzle" */ = {
			isa = XCConfigurationList;
			buildConfigurations = (
				466FCF041AAC27FA00F21042 /* Debug */,
				466FCF051AAC27FA00F21042 /* Release */,
			);
			defaultConfigurationIsVisible = 0;
			defaultConfigurationName = Debug;
		};
		466FCF061AAC27FA00F21042 /* Build configuration list for PBXNativeTarget "puzzle" */ = {
			isa = XCConfigurationList;
			buildConfigurations = (
				466FCF071AAC27FA00F21042 /* Debug */,
				466FCF081AAC27FA00F21042 /* Release */,
			);
			defaultConfigurationIsVisible = 0;
			defaultConfigurationName = Debug;
		};
		466FCF091AAC27FA00F21042 /* Build configuration list for PBXNativeTarget "puzzleTests" */ = {
			isa = XCConfigurationList;
			buildConfigurations = (
				466FCF0A1AAC27FA00F21042 /* Debug */,
				466FCF0B1AAC27FA00F21042 /* Release */,
			);
			defaultConfigurationIsVisible = 0;
			defaultConfigurationName = Debug;
		};
/* End XCConfigurationList section */
	};
	rootObject = 466FCEDF1AAC27FA00F21042 /* Project object */;
}
